
Microsoft Visual Studio Solution File, Format Version 12.00
Project("{FAE04EC0-301F-11D3-BF4B-00C04F79EFBC}") = "aweXpect", "Source\aweXpect\aweXpect.csproj", "{22C74094-A392-42D4-A661-2E0C8516367A}"
EndProject
Project("{FAE04EC0-301F-11D3-BF4B-00C04F79EFBC}") = "aweXpect.Core", "Source\aweXpect.Core\aweXpect.Core.csproj", "{AD93A103-5BF9-485F-BF16-27124DCC15B5}"
EndProject
Project("{2150E333-8FDC-42A3-9474-1A3956D46DE8}") = "Tests", "Tests", "{9CC57AD0-4984-4618-96EA-01FFFCCD84FA}"
EndProject
Project("{FAE04EC0-301F-11D3-BF4B-00C04F79EFBC}") = "aweXpect.Tests", "Tests\aweXpect.Tests\aweXpect.Tests.csproj", "{97D64B45-D97E-4A94-9EF0-37BF25310EBA}"
EndProject
Project("{FAE04EC0-301F-11D3-BF4B-00C04F79EFBC}") = "aweXpect.Core.Tests", "Tests\aweXpect.Core.Tests\aweXpect.Core.Tests.csproj", "{9BF06EEE-8E29-4ECA-AAEE-11CAA1E52430}"
EndProject
Project("{2150E333-8FDC-42A3-9474-1A3956D46DE8}") = "_", "_", "{99D141BC-CCD6-4EEF-99DA-828CEF1F8928}"
	ProjectSection(SolutionItems) = preProject
		.editorconfig = .editorconfig
		.gitattributes = .gitattributes
		.gitignore = .gitignore
		CODE_OF_CONDUCT.md = CODE_OF_CONDUCT.md
		CONTRIBUTING.md = CONTRIBUTING.md
		Directory.Build.props = Directory.Build.props
		Directory.Packages.props = Directory.Packages.props
		global.json = global.json
		LICENSE = LICENSE
		nuget.config = nuget.config
		README.md = README.md
		aweXpect.sln.DotSettings = aweXpect.sln.DotSettings
	EndProjectSection
EndProject
Project("{2150E333-8FDC-42A3-9474-1A3956D46DE8}") = "Tests", "Tests", "{1308040E-AFD3-4404-81E0-CC3746984A6F}"
	ProjectSection(SolutionItems) = preProject
		Tests\Directory.Build.props = Tests\Directory.Build.props
	EndProjectSection
EndProject
Project("{2150E333-8FDC-42A3-9474-1A3956D46DE8}") = "Source", "Source", "{5C4FFB48-47DD-438D-AB04-CAFBF307160C}"
	ProjectSection(SolutionItems) = preProject
		Source\Directory.Build.props = Source\Directory.Build.props
	EndProjectSection
EndProject
Project("{9A19103F-16F7-4668-BE54-9A1E7A4F7556}") = "Build", "Pipeline\Build.csproj", "{2BD65F2F-F433-4C2D-8A7E-600039B3B7E8}"
EndProject
Project("{2150E333-8FDC-42A3-9474-1A3956D46DE8}") = "Pipeline", "Pipeline", "{E448FD37-2BB0-4E46-9D2C-4CF3C6B8FA6D}"
EndProject
Project("{FAE04EC0-301F-11D3-BF4B-00C04F79EFBC}") = "aweXpect.Api.Tests", "Tests\aweXpect.Api.Tests\aweXpect.Api.Tests.csproj", "{A739E471-FF01-46E0-822D-7857F9D34535}"
EndProject
Project("{2150E333-8FDC-42A3-9474-1A3956D46DE8}") = ".github", ".github", "{DFD09AAE-5400-42DA-BF53-A06D27390BC7}"
	ProjectSection(SolutionItems) = preProject
		.github\copilot-instructions.md = .github\copilot-instructions.md
		.github\dependabot.yml = .github\dependabot.yml
	EndProjectSection
EndProject
Project("{2150E333-8FDC-42A3-9474-1A3956D46DE8}") = "workflows", "workflows", "{7819A5D7-30A2-4ADE-A84B-C1791BF9F21F}"
	ProjectSection(SolutionItems) = preProject
		.github\workflows\build.yml = .github\workflows\build.yml
		.github\workflows\ci.yml = .github\workflows\ci.yml
		.github\workflows\pages.yml = .github\workflows\pages.yml
		.github\workflows\ci-analysis.yml = .github\workflows\ci-analysis.yml
	EndProjectSection
EndProject
Project("{2150E333-8FDC-42A3-9474-1A3956D46DE8}") = "Frameworks", "Frameworks", "{97A9E15D-5A21-4BA1-940B-7F42933DE0A5}"
EndProject
Project("{2150E333-8FDC-42A3-9474-1A3956D46DE8}") = "Frameworks", "Frameworks", "{A68DF057-9A7A-48F5-B8BC-DFC172E6640F}"
	ProjectSection(SolutionItems) = preProject
		Tests\Frameworks\Directory.Build.props = Tests\Frameworks\Directory.Build.props
	EndProjectSection
EndProject
Project("{FAE04EC0-301F-11D3-BF4B-00C04F79EFBC}") = "aweXpect.Frameworks.NUnit3.Tests", "Tests\Frameworks\aweXpect.Frameworks.NUnit3.Tests\aweXpect.Frameworks.NUnit3.Tests.csproj", "{8879B8B8-E9DE-4432-A452-7B234B65C924}"
EndProject
Project("{FAE04EC0-301F-11D3-BF4B-00C04F79EFBC}") = "aweXpect.Frameworks.NUnit4.Tests", "Tests\Frameworks\aweXpect.Frameworks.NUnit4.Tests\aweXpect.Frameworks.NUnit4.Tests.csproj", "{9ABF8E11-7975-43F2-8418-1F6D9E5E4D37}"
EndProject
Project("{FAE04EC0-301F-11D3-BF4B-00C04F79EFBC}") = "aweXpect.Frameworks.Tunit.Tests", "Tests\Frameworks\aweXpect.Frameworks.Tunit.Tests\aweXpect.Frameworks.Tunit.Tests.csproj", "{532FAE88-3327-4B1B-B3B7-43D439A7CEE8}"
EndProject
Project("{FAE04EC0-301F-11D3-BF4B-00C04F79EFBC}") = "aweXpect.Frameworks.Xunit2.Tests", "Tests\Frameworks\aweXpect.Frameworks.Xunit2.Tests\aweXpect.Frameworks.Xunit2.Tests.csproj", "{3E369992-EC14-4874-B793-7FCF5D9DB660}"
EndProject
Project("{2150E333-8FDC-42A3-9474-1A3956D46DE8}") = "Benchmarks", "Benchmarks", "{FA002813-92DA-46AC-8F34-DA739B4380C8}"
EndProject
Project("{FAE04EC0-301F-11D3-BF4B-00C04F79EFBC}") = "aweXpect.Benchmarks", "Benchmarks\aweXpect.Benchmarks\aweXpect.Benchmarks.csproj", "{D7EF5714-F965-4F4B-BEFD-614EA4DE529D}"
EndProject
Project("{FAE04EC0-301F-11D3-BF4B-00C04F79EFBC}") = "aweXpect.Frameworks.Fallback.Tests", "Tests\Frameworks\aweXpect.Frameworks.Fallback.Tests\aweXpect.Frameworks.Fallback.Tests.csproj", "{A672BA16-8BE2-4E4F-A6DD-59911284EDF8}"
EndProject
Project("{FAE04EC0-301F-11D3-BF4B-00C04F79EFBC}") = "aweXpect.Frameworks.MsTest.Tests", "Tests\Frameworks\aweXpect.Frameworks.MsTest.Tests\aweXpect.Frameworks.MsTest.Tests.csproj", "{1EC393AD-DE25-4C0E-A8B5-B19A2843A4E2}"
EndProject
Project("{FAE04EC0-301F-11D3-BF4B-00C04F79EFBC}") = "aweXpect.Frameworks.Xunit3.Tests", "Tests\Frameworks\aweXpect.Frameworks.Xunit3.Tests\aweXpect.Frameworks.Xunit3.Tests.csproj", "{5D0060AC-986B-4C28-A871-BA0EC9223DA7}"
EndProject
Project("{FAE04EC0-301F-11D3-BF4B-00C04F79EFBC}") = "aweXpect.Frameworks.Xunit3.Core.Tests", "Tests\Frameworks\aweXpect.Frameworks.Xunit3.Core.Tests\aweXpect.Frameworks.Xunit3.Core.Tests.csproj", "{A815B631-402C-44B0-80B3-50B6EAFD8078}"
EndProject
Project("{FAE04EC0-301F-11D3-BF4B-00C04F79EFBC}") = "aweXpect.Internal.Tests", "Tests\aweXpect.Internal.Tests\aweXpect.Internal.Tests.csproj", "{4A940BE9-D9E0-4004-89D4-5D6E8CB37208}"
EndProject
Project("{FAE04EC0-301F-11D3-BF4B-00C04F79EFBC}") = "aweXpect.Core.Api.Tests", "Tests\aweXpect.Core.Api.Tests\aweXpect.Core.Api.Tests.csproj", "{6C70D2A0-3BB0-4FFC-9422-E0213562176C}"
EndProject
Project("{FAE04EC0-301F-11D3-BF4B-00C04F79EFBC}") = "aweXpect.Analyzers", "Source\aweXpect.Analyzers\aweXpect.Analyzers.csproj", "{1DD48E0E-E713-4704-A5C5-7346B33DCC27}"
EndProject
Project("{FAE04EC0-301F-11D3-BF4B-00C04F79EFBC}") = "aweXpect.Analyzers.Tests", "Tests\aweXpect.Analyzers.Tests\aweXpect.Analyzers.Tests.csproj", "{8FF9344F-E84E-47B8-AB28-575EF15E5C59}"
EndProject
Project("{FAE04EC0-301F-11D3-BF4B-00C04F79EFBC}") = "aweXpect.Analyzers.CodeFixers", "Source\aweXpect.Analyzers.CodeFixers\aweXpect.Analyzers.CodeFixers.csproj", "{117FF28C-3628-47F1-8567-008265AE211F}"
EndProject
Project("{FAE04EC0-301F-11D3-BF4B-00C04F79EFBC}") = "aweXpect.SourceGenerators", "Source\aweXpect.SourceGenerators\aweXpect.SourceGenerators.csproj", "{C4F90F26-54CD-447E-870D-6F1C05729155}"
EndProject
Project("{FAE04EC0-301F-11D3-BF4B-00C04F79EFBC}") = "aweXpect.Frameworks", "Source\aweXpect.Frameworks\aweXpect.Frameworks.csproj", "{75E57A42-1C09-4923-B1E1-A27937189E9A}"
EndProject
Global
	GlobalSection(SolutionConfigurationPlatforms) = preSolution
		Debug|Any CPU = Debug|Any CPU
		Release|Any CPU = Release|Any CPU
	EndGlobalSection
	GlobalSection(ProjectConfigurationPlatforms) = postSolution
		{2BD65F2F-F433-4C2D-8A7E-600039B3B7E8}.Debug|Any CPU.ActiveCfg = Debug|Any CPU
		{2BD65F2F-F433-4C2D-8A7E-600039B3B7E8}.Release|Any CPU.ActiveCfg = Release|Any CPU
		{22C74094-A392-42D4-A661-2E0C8516367A}.Debug|Any CPU.ActiveCfg = Debug|Any CPU
		{22C74094-A392-42D4-A661-2E0C8516367A}.Debug|Any CPU.Build.0 = Debug|Any CPU
		{22C74094-A392-42D4-A661-2E0C8516367A}.Release|Any CPU.ActiveCfg = Release|Any CPU
		{22C74094-A392-42D4-A661-2E0C8516367A}.Release|Any CPU.Build.0 = Release|Any CPU
		{AD93A103-5BF9-485F-BF16-27124DCC15B5}.Debug|Any CPU.ActiveCfg = Debug|Any CPU
		{AD93A103-5BF9-485F-BF16-27124DCC15B5}.Debug|Any CPU.Build.0 = Debug|Any CPU
		{AD93A103-5BF9-485F-BF16-27124DCC15B5}.Release|Any CPU.ActiveCfg = Release|Any CPU
		{AD93A103-5BF9-485F-BF16-27124DCC15B5}.Release|Any CPU.Build.0 = Release|Any CPU
		{97D64B45-D97E-4A94-9EF0-37BF25310EBA}.Debug|Any CPU.ActiveCfg = Debug|Any CPU
		{97D64B45-D97E-4A94-9EF0-37BF25310EBA}.Debug|Any CPU.Build.0 = Debug|Any CPU
		{97D64B45-D97E-4A94-9EF0-37BF25310EBA}.Release|Any CPU.ActiveCfg = Release|Any CPU
		{97D64B45-D97E-4A94-9EF0-37BF25310EBA}.Release|Any CPU.Build.0 = Release|Any CPU
		{9BF06EEE-8E29-4ECA-AAEE-11CAA1E52430}.Debug|Any CPU.ActiveCfg = Debug|Any CPU
		{9BF06EEE-8E29-4ECA-AAEE-11CAA1E52430}.Debug|Any CPU.Build.0 = Debug|Any CPU
		{9BF06EEE-8E29-4ECA-AAEE-11CAA1E52430}.Release|Any CPU.ActiveCfg = Release|Any CPU
		{9BF06EEE-8E29-4ECA-AAEE-11CAA1E52430}.Release|Any CPU.Build.0 = Release|Any CPU
		{A739E471-FF01-46E0-822D-7857F9D34535}.Debug|Any CPU.ActiveCfg = Debug|Any CPU
		{A739E471-FF01-46E0-822D-7857F9D34535}.Debug|Any CPU.Build.0 = Debug|Any CPU
		{A739E471-FF01-46E0-822D-7857F9D34535}.Release|Any CPU.ActiveCfg = Release|Any CPU
		{A739E471-FF01-46E0-822D-7857F9D34535}.Release|Any CPU.Build.0 = Release|Any CPU
		{8879B8B8-E9DE-4432-A452-7B234B65C924}.Debug|Any CPU.ActiveCfg = Debug|Any CPU
		{8879B8B8-E9DE-4432-A452-7B234B65C924}.Debug|Any CPU.Build.0 = Debug|Any CPU
		{8879B8B8-E9DE-4432-A452-7B234B65C924}.Release|Any CPU.ActiveCfg = Release|Any CPU
		{8879B8B8-E9DE-4432-A452-7B234B65C924}.Release|Any CPU.Build.0 = Release|Any CPU
		{9ABF8E11-7975-43F2-8418-1F6D9E5E4D37}.Debug|Any CPU.ActiveCfg = Debug|Any CPU
		{9ABF8E11-7975-43F2-8418-1F6D9E5E4D37}.Debug|Any CPU.Build.0 = Debug|Any CPU
		{9ABF8E11-7975-43F2-8418-1F6D9E5E4D37}.Release|Any CPU.ActiveCfg = Release|Any CPU
		{9ABF8E11-7975-43F2-8418-1F6D9E5E4D37}.Release|Any CPU.Build.0 = Release|Any CPU
		{532FAE88-3327-4B1B-B3B7-43D439A7CEE8}.Debug|Any CPU.ActiveCfg = Debug|Any CPU
		{532FAE88-3327-4B1B-B3B7-43D439A7CEE8}.Debug|Any CPU.Build.0 = Debug|Any CPU
		{532FAE88-3327-4B1B-B3B7-43D439A7CEE8}.Release|Any CPU.ActiveCfg = Release|Any CPU
		{532FAE88-3327-4B1B-B3B7-43D439A7CEE8}.Release|Any CPU.Build.0 = Release|Any CPU
		{3E369992-EC14-4874-B793-7FCF5D9DB660}.Debug|Any CPU.ActiveCfg = Debug|Any CPU
		{3E369992-EC14-4874-B793-7FCF5D9DB660}.Debug|Any CPU.Build.0 = Debug|Any CPU
		{3E369992-EC14-4874-B793-7FCF5D9DB660}.Release|Any CPU.ActiveCfg = Release|Any CPU
		{3E369992-EC14-4874-B793-7FCF5D9DB660}.Release|Any CPU.Build.0 = Release|Any CPU
		{D7EF5714-F965-4F4B-BEFD-614EA4DE529D}.Debug|Any CPU.ActiveCfg = Debug|Any CPU
		{D7EF5714-F965-4F4B-BEFD-614EA4DE529D}.Debug|Any CPU.Build.0 = Debug|Any CPU
		{D7EF5714-F965-4F4B-BEFD-614EA4DE529D}.Release|Any CPU.ActiveCfg = Release|Any CPU
		{D7EF5714-F965-4F4B-BEFD-614EA4DE529D}.Release|Any CPU.Build.0 = Release|Any CPU
		{A672BA16-8BE2-4E4F-A6DD-59911284EDF8}.Debug|Any CPU.ActiveCfg = Debug|Any CPU
		{A672BA16-8BE2-4E4F-A6DD-59911284EDF8}.Debug|Any CPU.Build.0 = Debug|Any CPU
		{A672BA16-8BE2-4E4F-A6DD-59911284EDF8}.Release|Any CPU.ActiveCfg = Release|Any CPU
		{A672BA16-8BE2-4E4F-A6DD-59911284EDF8}.Release|Any CPU.Build.0 = Release|Any CPU
		{1EC393AD-DE25-4C0E-A8B5-B19A2843A4E2}.Debug|Any CPU.ActiveCfg = Debug|Any CPU
		{1EC393AD-DE25-4C0E-A8B5-B19A2843A4E2}.Debug|Any CPU.Build.0 = Debug|Any CPU
		{1EC393AD-DE25-4C0E-A8B5-B19A2843A4E2}.Release|Any CPU.ActiveCfg = Release|Any CPU
		{1EC393AD-DE25-4C0E-A8B5-B19A2843A4E2}.Release|Any CPU.Build.0 = Release|Any CPU
		{5D0060AC-986B-4C28-A871-BA0EC9223DA7}.Debug|Any CPU.ActiveCfg = Debug|Any CPU
		{5D0060AC-986B-4C28-A871-BA0EC9223DA7}.Debug|Any CPU.Build.0 = Debug|Any CPU
		{5D0060AC-986B-4C28-A871-BA0EC9223DA7}.Release|Any CPU.ActiveCfg = Release|Any CPU
		{5D0060AC-986B-4C28-A871-BA0EC9223DA7}.Release|Any CPU.Build.0 = Release|Any CPU
		{A815B631-402C-44B0-80B3-50B6EAFD8078}.Debug|Any CPU.ActiveCfg = Debug|Any CPU
		{A815B631-402C-44B0-80B3-50B6EAFD8078}.Debug|Any CPU.Build.0 = Debug|Any CPU
		{A815B631-402C-44B0-80B3-50B6EAFD8078}.Release|Any CPU.ActiveCfg = Release|Any CPU
		{A815B631-402C-44B0-80B3-50B6EAFD8078}.Release|Any CPU.Build.0 = Release|Any CPU
		{4A940BE9-D9E0-4004-89D4-5D6E8CB37208}.Debug|Any CPU.ActiveCfg = Debug|Any CPU
		{4A940BE9-D9E0-4004-89D4-5D6E8CB37208}.Debug|Any CPU.Build.0 = Debug|Any CPU
		{4A940BE9-D9E0-4004-89D4-5D6E8CB37208}.Release|Any CPU.ActiveCfg = Release|Any CPU
		{4A940BE9-D9E0-4004-89D4-5D6E8CB37208}.Release|Any CPU.Build.0 = Release|Any CPU
		{6C70D2A0-3BB0-4FFC-9422-E0213562176C}.Debug|Any CPU.ActiveCfg = Debug|Any CPU
		{6C70D2A0-3BB0-4FFC-9422-E0213562176C}.Debug|Any CPU.Build.0 = Debug|Any CPU
		{6C70D2A0-3BB0-4FFC-9422-E0213562176C}.Release|Any CPU.ActiveCfg = Release|Any CPU
		{6C70D2A0-3BB0-4FFC-9422-E0213562176C}.Release|Any CPU.Build.0 = Release|Any CPU
		{1DD48E0E-E713-4704-A5C5-7346B33DCC27}.Debug|Any CPU.ActiveCfg = Debug|Any CPU
		{1DD48E0E-E713-4704-A5C5-7346B33DCC27}.Debug|Any CPU.Build.0 = Debug|Any CPU
		{1DD48E0E-E713-4704-A5C5-7346B33DCC27}.Release|Any CPU.ActiveCfg = Release|Any CPU
		{1DD48E0E-E713-4704-A5C5-7346B33DCC27}.Release|Any CPU.Build.0 = Release|Any CPU
		{8FF9344F-E84E-47B8-AB28-575EF15E5C59}.Debug|Any CPU.ActiveCfg = Debug|Any CPU
		{8FF9344F-E84E-47B8-AB28-575EF15E5C59}.Debug|Any CPU.Build.0 = Debug|Any CPU
		{8FF9344F-E84E-47B8-AB28-575EF15E5C59}.Release|Any CPU.ActiveCfg = Release|Any CPU
		{8FF9344F-E84E-47B8-AB28-575EF15E5C59}.Release|Any CPU.Build.0 = Release|Any CPU
		{117FF28C-3628-47F1-8567-008265AE211F}.Debug|Any CPU.ActiveCfg = Debug|Any CPU
		{117FF28C-3628-47F1-8567-008265AE211F}.Debug|Any CPU.Build.0 = Debug|Any CPU
		{117FF28C-3628-47F1-8567-008265AE211F}.Release|Any CPU.ActiveCfg = Release|Any CPU
		{117FF28C-3628-47F1-8567-008265AE211F}.Release|Any CPU.Build.0 = Release|Any CPU
		{C4F90F26-54CD-447E-870D-6F1C05729155}.Debug|Any CPU.ActiveCfg = Debug|Any CPU
		{C4F90F26-54CD-447E-870D-6F1C05729155}.Debug|Any CPU.Build.0 = Debug|Any CPU
		{C4F90F26-54CD-447E-870D-6F1C05729155}.Release|Any CPU.ActiveCfg = Release|Any CPU
		{C4F90F26-54CD-447E-870D-6F1C05729155}.Release|Any CPU.Build.0 = Release|Any CPU
		{75E57A42-1C09-4923-B1E1-A27937189E9A}.Debug|Any CPU.ActiveCfg = Debug|Any CPU
		{75E57A42-1C09-4923-B1E1-A27937189E9A}.Debug|Any CPU.Build.0 = Debug|Any CPU
		{75E57A42-1C09-4923-B1E1-A27937189E9A}.Release|Any CPU.ActiveCfg = Release|Any CPU
		{75E57A42-1C09-4923-B1E1-A27937189E9A}.Release|Any CPU.Build.0 = Release|Any CPU
	EndGlobalSection
	GlobalSection(NestedProjects) = preSolution
		{97D64B45-D97E-4A94-9EF0-37BF25310EBA} = {9CC57AD0-4984-4618-96EA-01FFFCCD84FA}
		{9BF06EEE-8E29-4ECA-AAEE-11CAA1E52430} = {9CC57AD0-4984-4618-96EA-01FFFCCD84FA}
		{1308040E-AFD3-4404-81E0-CC3746984A6F} = {99D141BC-CCD6-4EEF-99DA-828CEF1F8928}
		{5C4FFB48-47DD-438D-AB04-CAFBF307160C} = {99D141BC-CCD6-4EEF-99DA-828CEF1F8928}
		{2BD65F2F-F433-4C2D-8A7E-600039B3B7E8} = {E448FD37-2BB0-4E46-9D2C-4CF3C6B8FA6D}
		{A739E471-FF01-46E0-822D-7857F9D34535} = {9CC57AD0-4984-4618-96EA-01FFFCCD84FA}
		{DFD09AAE-5400-42DA-BF53-A06D27390BC7} = {99D141BC-CCD6-4EEF-99DA-828CEF1F8928}
		{7819A5D7-30A2-4ADE-A84B-C1791BF9F21F} = {DFD09AAE-5400-42DA-BF53-A06D27390BC7}
		{97A9E15D-5A21-4BA1-940B-7F42933DE0A5} = {9CC57AD0-4984-4618-96EA-01FFFCCD84FA}
		{A68DF057-9A7A-48F5-B8BC-DFC172E6640F} = {1308040E-AFD3-4404-81E0-CC3746984A6F}
		{8879B8B8-E9DE-4432-A452-7B234B65C924} = {97A9E15D-5A21-4BA1-940B-7F42933DE0A5}
		{9ABF8E11-7975-43F2-8418-1F6D9E5E4D37} = {97A9E15D-5A21-4BA1-940B-7F42933DE0A5}
		{532FAE88-3327-4B1B-B3B7-43D439A7CEE8} = {97A9E15D-5A21-4BA1-940B-7F42933DE0A5}
		{3E369992-EC14-4874-B793-7FCF5D9DB660} = {97A9E15D-5A21-4BA1-940B-7F42933DE0A5}
		{D7EF5714-F965-4F4B-BEFD-614EA4DE529D} = {FA002813-92DA-46AC-8F34-DA739B4380C8}
		{A672BA16-8BE2-4E4F-A6DD-59911284EDF8} = {97A9E15D-5A21-4BA1-940B-7F42933DE0A5}
		{1EC393AD-DE25-4C0E-A8B5-B19A2843A4E2} = {97A9E15D-5A21-4BA1-940B-7F42933DE0A5}
		{5D0060AC-986B-4C28-A871-BA0EC9223DA7} = {97A9E15D-5A21-4BA1-940B-7F42933DE0A5}
		{A815B631-402C-44B0-80B3-50B6EAFD8078} = {97A9E15D-5A21-4BA1-940B-7F42933DE0A5}
		{4A940BE9-D9E0-4004-89D4-5D6E8CB37208} = {9CC57AD0-4984-4618-96EA-01FFFCCD84FA}
		{6C70D2A0-3BB0-4FFC-9422-E0213562176C} = {9CC57AD0-4984-4618-96EA-01FFFCCD84FA}
		{8FF9344F-E84E-47B8-AB28-575EF15E5C59} = {9CC57AD0-4984-4618-96EA-01FFFCCD84FA}
	EndGlobalSection
EndGlobal
