
Microsoft Visual Studio Solution File, Format Version 12.00
Project("{FAE04EC0-301F-11D3-BF4B-00C04F79EFBC}") = "aweXpect", "Source\aweXpect\aweXpect.csproj", "{22C74094-A392-42D4-A661-2E0C8516367A}"
EndProject
Project("{FAE04EC0-301F-11D3-BF4B-00C04F79EFBC}") = "aweXpect.Core", "Source\aweXpect.Core\aweXpect.Core.csproj", "{AD93A103-5BF9-485F-BF16-27124DCC15B5}"
EndProject
Project("{FAE04EC0-301F-11D3-BF4B-00C04F79EFBC}") = "aweXpect.Discovery", "Source\aweXpect.Discovery\aweXpect.Discovery.csproj", "{F5AF4D4F-0E7D-44D8-8976-16602AF2F1A9}"
EndProject
Project("{2150E333-8FDC-42A3-9474-1A3956D46DE8}") = "Tests", "Tests", "{9CC57AD0-4984-4618-96EA-01FFFCCD84FA}"
EndProject
Project("{FAE04EC0-301F-11D3-BF4B-00C04F79EFBC}") = "aweXpect.Tests", "Tests\aweXpect.Tests\aweXpect.Tests.csproj", "{97D64B45-D97E-4A94-9EF0-37BF25310EBA}"
EndProject
Project("{FAE04EC0-301F-11D3-BF4B-00C04F79EFBC}") = "aweXpect.Core.Tests", "Tests\aweXpect.Core.Tests\aweXpect.Core.Tests.csproj", "{9BF06EEE-8E29-4ECA-AAEE-11CAA1E52430}"
EndProject
Project("{FAE04EC0-301F-11D3-BF4B-00C04F79EFBC}") = "aweXpect.Discovery.Tests", "Tests\aweXpect.Discovery.Tests\aweXpect.Discovery.Tests.csproj", "{CF1B0234-E80F-4447-ADB3-FABD4BDB0E58}"
EndProject
Project("{2150E333-8FDC-42A3-9474-1A3956D46DE8}") = "_", "_", "{99D141BC-CCD6-4EEF-99DA-828CEF1F8928}"
	ProjectSection(SolutionItems) = preProject
		.editorconfig = .editorconfig
		.gitattributes = .gitattributes
		.gitignore = .gitignore
		CODE_OF_CONDUCT.md = CODE_OF_CONDUCT.md
		CONTRIBUTING.md = CONTRIBUTING.md
		Directory.Build.props = Directory.Build.props
		Directory.Packages.props = Directory.Packages.props
		global.json = global.json
		LICENSE = LICENSE
		nuget.config = nuget.config
		README.md = README.md
	EndProjectSection
EndProject
Project("{2150E333-8FDC-42A3-9474-1A3956D46DE8}") = "Tests", "Tests", "{1308040E-AFD3-4404-81E0-CC3746984A6F}"
	ProjectSection(SolutionItems) = preProject
		Tests\Directory.Build.props = Tests\Directory.Build.props
	EndProjectSection
EndProject
Project("{2150E333-8FDC-42A3-9474-1A3956D46DE8}") = "Source", "Source", "{5C4FFB48-47DD-438D-AB04-CAFBF307160C}"
	ProjectSection(SolutionItems) = preProject
		Source\Directory.Build.props = Source\Directory.Build.props
	EndProjectSection
EndProject
Global
	GlobalSection(SolutionConfigurationPlatforms) = preSolution
		Debug|Any CPU = Debug|Any CPU
		Release|Any CPU = Release|Any CPU
	EndGlobalSection
	GlobalSection(ProjectConfigurationPlatforms) = postSolution
		{22C74094-A392-42D4-A661-2E0C8516367A}.Debug|Any CPU.ActiveCfg = Debug|Any CPU
		{22C74094-A392-42D4-A661-2E0C8516367A}.Debug|Any CPU.Build.0 = Debug|Any CPU
		{22C74094-A392-42D4-A661-2E0C8516367A}.Release|Any CPU.ActiveCfg = Release|Any CPU
		{22C74094-A392-42D4-A661-2E0C8516367A}.Release|Any CPU.Build.0 = Release|Any CPU
		{AD93A103-5BF9-485F-BF16-27124DCC15B5}.Debug|Any CPU.ActiveCfg = Debug|Any CPU
		{AD93A103-5BF9-485F-BF16-27124DCC15B5}.Debug|Any CPU.Build.0 = Debug|Any CPU
		{AD93A103-5BF9-485F-BF16-27124DCC15B5}.Release|Any CPU.ActiveCfg = Release|Any CPU
		{AD93A103-5BF9-485F-BF16-27124DCC15B5}.Release|Any CPU.Build.0 = Release|Any CPU
		{F5AF4D4F-0E7D-44D8-8976-16602AF2F1A9}.Debug|Any CPU.ActiveCfg = Debug|Any CPU
		{F5AF4D4F-0E7D-44D8-8976-16602AF2F1A9}.Debug|Any CPU.Build.0 = Debug|Any CPU
		{F5AF4D4F-0E7D-44D8-8976-16602AF2F1A9}.Release|Any CPU.ActiveCfg = Release|Any CPU
		{F5AF4D4F-0E7D-44D8-8976-16602AF2F1A9}.Release|Any CPU.Build.0 = Release|Any CPU
		{97D64B45-D97E-4A94-9EF0-37BF25310EBA}.Debug|Any CPU.ActiveCfg = Debug|Any CPU
		{97D64B45-D97E-4A94-9EF0-37BF25310EBA}.Debug|Any CPU.Build.0 = Debug|Any CPU
		{97D64B45-D97E-4A94-9EF0-37BF25310EBA}.Release|Any CPU.ActiveCfg = Release|Any CPU
		{97D64B45-D97E-4A94-9EF0-37BF25310EBA}.Release|Any CPU.Build.0 = Release|Any CPU
		{9BF06EEE-8E29-4ECA-AAEE-11CAA1E52430}.Debug|Any CPU.ActiveCfg = Debug|Any CPU
		{9BF06EEE-8E29-4ECA-AAEE-11CAA1E52430}.Debug|Any CPU.Build.0 = Debug|Any CPU
		{9BF06EEE-8E29-4ECA-AAEE-11CAA1E52430}.Release|Any CPU.ActiveCfg = Release|Any CPU
		{9BF06EEE-8E29-4ECA-AAEE-11CAA1E52430}.Release|Any CPU.Build.0 = Release|Any CPU
		{CF1B0234-E80F-4447-ADB3-FABD4BDB0E58}.Debug|Any CPU.ActiveCfg = Debug|Any CPU
		{CF1B0234-E80F-4447-ADB3-FABD4BDB0E58}.Debug|Any CPU.Build.0 = Debug|Any CPU
		{CF1B0234-E80F-4447-ADB3-FABD4BDB0E58}.Release|Any CPU.ActiveCfg = Release|Any CPU
		{CF1B0234-E80F-4447-ADB3-FABD4BDB0E58}.Release|Any CPU.Build.0 = Release|Any CPU
	EndGlobalSection
	GlobalSection(NestedProjects) = preSolution
		{97D64B45-D97E-4A94-9EF0-37BF25310EBA} = {9CC57AD0-4984-4618-96EA-01FFFCCD84FA}
		{9BF06EEE-8E29-4ECA-AAEE-11CAA1E52430} = {9CC57AD0-4984-4618-96EA-01FFFCCD84FA}
		{CF1B0234-E80F-4447-ADB3-FABD4BDB0E58} = {9CC57AD0-4984-4618-96EA-01FFFCCD84FA}
		{1308040E-AFD3-4404-81E0-CC3746984A6F} = {99D141BC-CCD6-4EEF-99DA-828CEF1F8928}
		{5C4FFB48-47DD-438D-AB04-CAFBF307160C} = {99D141BC-CCD6-4EEF-99DA-828CEF1F8928}
	EndGlobalSection
EndGlobal
